
Microsoft Visual Studio Solution File, Format Version 12.00
# Visual Studio Version 16
VisualStudioVersion = 16.0.33529.622
MinimumVisualStudioVersion = 10.0.40219.1
Project("{FAE04EC0-301F-11D3-BF4B-00C04F79EFBC}") = "ola", "ola\ola.csproj", "{440A1103-C289-44F6-A832-0D874052812C}"
EndProject
Global
	GlobalSection(SolutionConfigurationPlatforms) = preSolution
		Debug|Any CPU = Debug|Any CPU
		Release|Any CPU = Release|Any CPU
	EndGlobalSection
	GlobalSection(ProjectConfigurationPlatforms) = postSolution
		{440A1103-C289-44F6-A832-0D874052812C}.Debug|Any CPU.ActiveCfg = Debug|Any CPU
		{440A1103-C289-44F6-A832-0D874052812C}.Debug|Any CPU.Build.0 = Debug|Any CPU
		{440A1103-C289-44F6-A832-0D874052812C}.Release|Any CPU.ActiveCfg = Release|Any CPU
		{440A1103-C289-44F6-A832-0D874052812C}.Release|Any CPU.Build.0 = Release|Any CPU
	EndGlobalSection
	GlobalSection(SolutionProperties) = preSolution
		HideSolutionNode = FALSE
	EndGlobalSection
	GlobalSection(ExtensibilityGlobals) = postSolution
		SolutionGuid = {E689FF57-B5DC-48C1-954A-E7D4702548F3}
	EndGlobalSection
EndGlobal
